
Microsoft Visual Studio Solution File, Format Version 12.00
# Visual Studio 15
VisualStudioVersion = 15.0.28307.489
MinimumVisualStudioVersion = 10.0.40219.1
Project("{FAE04EC0-301F-11D3-BF4B-00C04F79EFBC}") = "StudentExercise4", "StudentExercise4\StudentExercise4.csproj", "{D6CAA524-2B2F-4209-9675-4422A6D2531B}"
EndProject
Global
	GlobalSection(SolutionConfigurationPlatforms) = preSolution
		Debug|Any CPU = Debug|Any CPU
		Release|Any CPU = Release|Any CPU
	EndGlobalSection
	GlobalSection(ProjectConfigurationPlatforms) = postSolution
		{D6CAA524-2B2F-4209-9675-4422A6D2531B}.Debug|Any CPU.ActiveCfg = Debug|Any CPU
		{D6CAA524-2B2F-4209-9675-4422A6D2531B}.Debug|Any CPU.Build.0 = Debug|Any CPU
		{D6CAA524-2B2F-4209-9675-4422A6D2531B}.Release|Any CPU.ActiveCfg = Release|Any CPU
		{D6CAA524-2B2F-4209-9675-4422A6D2531B}.Release|Any CPU.Build.0 = Release|Any CPU
	EndGlobalSection
	GlobalSection(SolutionProperties) = preSolution
		HideSolutionNode = FALSE
	EndGlobalSection
	GlobalSection(ExtensibilityGlobals) = postSolution
		SolutionGuid = {922A178D-00C2-4C84-897C-DEF1DA11E714}
	EndGlobalSection
EndGlobal
